
Microsoft Visual Studio Solution File, Format Version 12.00
# Visual Studio Version 17
VisualStudioVersion = 17.5.33530.505
MinimumVisualStudioVersion = 10.0.40219.1
Project("{FAE04EC0-301F-11D3-BF4B-00C04F79EFBC}") = "Abstraction", "Abstraction\Abstraction.csproj", "{67FC6527-32AD-4446-8B1E-C0EFD029686F}"
EndProject
Project("{FAE04EC0-301F-11D3-BF4B-00C04F79EFBC}") = "Encapsulation", "Encapsulation\Encapsulation.csproj", "{0DD4E67C-B35A-49A7-9311-52E8081012C9}"
EndProject
Project("{FAE04EC0-301F-11D3-BF4B-00C04F79EFBC}") = "Inheritance", "Inheritance\Inheritance.csproj", "{2DF0DA17-4C6F-45C8-898A-122FB60B1264}"
EndProject
Project("{FAE04EC0-301F-11D3-BF4B-00C04F79EFBC}") = "Polymorphism", "Polymorphism\Polymorphism.csproj", "{E0018E75-81A4-4D3E-8A6E-DC546F95BE26}"
EndProject
Global
	GlobalSection(SolutionConfigurationPlatforms) = preSolution
		Debug|Any CPU = Debug|Any CPU
		Release|Any CPU = Release|Any CPU
	EndGlobalSection
	GlobalSection(ProjectConfigurationPlatforms) = postSolution
		{67FC6527-32AD-4446-8B1E-C0EFD029686F}.Debug|Any CPU.ActiveCfg = Debug|Any CPU
		{67FC6527-32AD-4446-8B1E-C0EFD029686F}.Debug|Any CPU.Build.0 = Debug|Any CPU
		{67FC6527-32AD-4446-8B1E-C0EFD029686F}.Release|Any CPU.ActiveCfg = Release|Any CPU
		{67FC6527-32AD-4446-8B1E-C0EFD029686F}.Release|Any CPU.Build.0 = Release|Any CPU
		{0DD4E67C-B35A-49A7-9311-52E8081012C9}.Debug|Any CPU.ActiveCfg = Debug|Any CPU
		{0DD4E67C-B35A-49A7-9311-52E8081012C9}.Debug|Any CPU.Build.0 = Debug|Any CPU
		{0DD4E67C-B35A-49A7-9311-52E8081012C9}.Release|Any CPU.ActiveCfg = Release|Any CPU
		{0DD4E67C-B35A-49A7-9311-52E8081012C9}.Release|Any CPU.Build.0 = Release|Any CPU
		{2DF0DA17-4C6F-45C8-898A-122FB60B1264}.Debug|Any CPU.ActiveCfg = Debug|Any CPU
		{2DF0DA17-4C6F-45C8-898A-122FB60B1264}.Debug|Any CPU.Build.0 = Debug|Any CPU
		{2DF0DA17-4C6F-45C8-898A-122FB60B1264}.Release|Any CPU.ActiveCfg = Release|Any CPU
		{2DF0DA17-4C6F-45C8-898A-122FB60B1264}.Release|Any CPU.Build.0 = Release|Any CPU
		{E0018E75-81A4-4D3E-8A6E-DC546F95BE26}.Debug|Any CPU.ActiveCfg = Debug|Any CPU
		{E0018E75-81A4-4D3E-8A6E-DC546F95BE26}.Debug|Any CPU.Build.0 = Debug|Any CPU
		{E0018E75-81A4-4D3E-8A6E-DC546F95BE26}.Release|Any CPU.ActiveCfg = Release|Any CPU
		{E0018E75-81A4-4D3E-8A6E-DC546F95BE26}.Release|Any CPU.Build.0 = Release|Any CPU
	EndGlobalSection
	GlobalSection(SolutionProperties) = preSolution
		HideSolutionNode = FALSE
	EndGlobalSection
	GlobalSection(ExtensibilityGlobals) = postSolution
		SolutionGuid = {20FE9C66-78DB-46B6-9B51-36214B2319D3}
	EndGlobalSection
EndGlobal
